
Microsoft Visual Studio Solution File, Format Version 12.00
# Visual Studio Version 16
VisualStudioVersion = 16.0.31702.278
MinimumVisualStudioVersion = 10.0.40219.1
Project("{F2A71F9B-5D33-465A-A702-920D77279786}") = "RPNCalc", "RPNCalc\RPNCalc.fsproj", "{1CCBBC63-364B-4240-B313-7146FFBB5E54}"
EndProject
Global
	GlobalSection(SolutionConfigurationPlatforms) = preSolution
		Debug|Any CPU = Debug|Any CPU
		Release|Any CPU = Release|Any CPU
	EndGlobalSection
	GlobalSection(ProjectConfigurationPlatforms) = postSolution
		{1CCBBC63-364B-4240-B313-7146FFBB5E54}.Debug|Any CPU.ActiveCfg = Debug|Any CPU
		{1CCBBC63-364B-4240-B313-7146FFBB5E54}.Debug|Any CPU.Build.0 = Debug|Any CPU
		{1CCBBC63-364B-4240-B313-7146FFBB5E54}.Release|Any CPU.ActiveCfg = Release|Any CPU
		{1CCBBC63-364B-4240-B313-7146FFBB5E54}.Release|Any CPU.Build.0 = Release|Any CPU
	EndGlobalSection
	GlobalSection(SolutionProperties) = preSolution
		HideSolutionNode = FALSE
	EndGlobalSection
	GlobalSection(ExtensibilityGlobals) = postSolution
		SolutionGuid = {F2B43DD3-92CD-4D1E-BD3C-EA8A9CF5F0BD}
	EndGlobalSection
EndGlobal
